// !$*UTF8*$!
{
	archiveVersion = 1;
	classes = {
	};
	objectVersion = 55;
	objects = {

/* Begin PBXBuildFile section */
		5988B2D728B077A500B0DA4E /* FitFormApp.swift in Sources */ = {isa = PBXBuildFile; fileRef = 5988B2D628B077A500B0DA4E /* FitFormApp.swift */; };
		5988B2D928B077A500B0DA4E /* ContentView.swift in Sources */ = {isa = PBXBuildFile; fileRef = 5988B2D828B077A500B0DA4E /* ContentView.swift */; };
		5988B2DB28B077A600B0DA4E /* Assets.xcassets in Resources */ = {isa = PBXBuildFile; fileRef = 5988B2DA28B077A600B0DA4E /* Assets.xcassets */; };
		5988B2DE28B077A600B0DA4E /* Preview Assets.xcassets in Resources */ = {isa = PBXBuildFile; fileRef = 5988B2DD28B077A600B0DA4E /* Preview Assets.xcassets */; };
		5988B2E728B0808900B0DA4E /* HomeView.swift in Sources */ = {isa = PBXBuildFile; fileRef = 5988B2E628B0808900B0DA4E /* HomeView.swift */; };
		5988B2E928B0904E00B0DA4E /* SelectWorkoutView.swift in Sources */ = {isa = PBXBuildFile; fileRef = 5988B2E828B0904E00B0DA4E /* SelectWorkoutView.swift */; };
		5988B2EB28B091BA00B0DA4E /* LoginView.swift in Sources */ = {isa = PBXBuildFile; fileRef = 5988B2EA28B091BA00B0DA4E /* LoginView.swift */; };
		5988B2EF28B0B24A00B0DA4E /* RegisterView.swift in Sources */ = {isa = PBXBuildFile; fileRef = 5988B2EE28B0B24A00B0DA4E /* RegisterView.swift */; };
		5988B2F428B195BA00B0DA4E /* WorkoutView.swift in Sources */ = {isa = PBXBuildFile; fileRef = 5988B2F328B195BA00B0DA4E /* WorkoutView.swift */; };
		5988B2F828B19E0500B0DA4E /* WorkoutController.swift in Sources */ = {isa = PBXBuildFile; fileRef = 5988B2F728B19E0500B0DA4E /* WorkoutController.swift */; };
		835C286B28B09460002662F8 /* BodySkeleton.swift in Sources */ = {isa = PBXBuildFile; fileRef = 835C286A28B09460002662F8 /* BodySkeleton.swift */; };
		835C286F28B0B3D7002662F8 /* APIConstruct.swift in Sources */ = {isa = PBXBuildFile; fileRef = 835C286E28B0B3D7002662F8 /* APIConstruct.swift */; };
		83D7970728B07E1A00D1ED66 /* ARViewContainer.swift in Sources */ = {isa = PBXBuildFile; fileRef = 83D7970628B07E1A00D1ED66 /* ARViewContainer.swift */; };
		83D7970928B07FB900D1ED66 /* SkeletonJoint.swift in Sources */ = {isa = PBXBuildFile; fileRef = 83D7970828B07FB900D1ED66 /* SkeletonJoint.swift */; };
		83D7970B28B0802E00D1ED66 /* SkeletonBone.swift in Sources */ = {isa = PBXBuildFile; fileRef = 83D7970A28B0802E00D1ED66 /* SkeletonBone.swift */; };
		83D7970F28B0811300D1ED66 /* Bones.swift in Sources */ = {isa = PBXBuildFile; fileRef = 83D7970E28B0811300D1ED66 /* Bones.swift */; };
/* End PBXBuildFile section */

/* Begin PBXFileReference section */
		5988B2D328B077A500B0DA4E /* FitForm.app */ = {isa = PBXFileReference; explicitFileType = wrapper.application; includeInIndex = 0; path = FitForm.app; sourceTree = BUILT_PRODUCTS_DIR; };
		5988B2D628B077A500B0DA4E /* FitFormApp.swift */ = {isa = PBXFileReference; lastKnownFileType = sourcecode.swift; path = FitFormApp.swift; sourceTree = "<group>"; };
		5988B2D828B077A500B0DA4E /* ContentView.swift */ = {isa = PBXFileReference; lastKnownFileType = sourcecode.swift; path = ContentView.swift; sourceTree = "<group>"; };
		5988B2DA28B077A600B0DA4E /* Assets.xcassets */ = {isa = PBXFileReference; lastKnownFileType = folder.assetcatalog; path = Assets.xcassets; sourceTree = "<group>"; };
		5988B2DD28B077A600B0DA4E /* Preview Assets.xcassets */ = {isa = PBXFileReference; lastKnownFileType = folder.assetcatalog; path = "Preview Assets.xcassets"; sourceTree = "<group>"; };
		5988B2E628B0808900B0DA4E /* HomeView.swift */ = {isa = PBXFileReference; lastKnownFileType = sourcecode.swift; path = HomeView.swift; sourceTree = "<group>"; };
		5988B2E828B0904E00B0DA4E /* SelectWorkoutView.swift */ = {isa = PBXFileReference; lastKnownFileType = sourcecode.swift; path = SelectWorkoutView.swift; sourceTree = "<group>"; };
		5988B2EA28B091BA00B0DA4E /* LoginView.swift */ = {isa = PBXFileReference; lastKnownFileType = sourcecode.swift; path = LoginView.swift; sourceTree = "<group>"; };
		5988B2EE28B0B24A00B0DA4E /* RegisterView.swift */ = {isa = PBXFileReference; lastKnownFileType = sourcecode.swift; path = RegisterView.swift; sourceTree = "<group>"; };
		5988B2F328B195BA00B0DA4E /* WorkoutView.swift */ = {isa = PBXFileReference; lastKnownFileType = sourcecode.swift; path = WorkoutView.swift; sourceTree = "<group>"; };
		5988B2F728B19E0500B0DA4E /* WorkoutController.swift */ = {isa = PBXFileReference; lastKnownFileType = sourcecode.swift; path = WorkoutController.swift; sourceTree = "<group>"; };
		835C286A28B09460002662F8 /* BodySkeleton.swift */ = {isa = PBXFileReference; lastKnownFileType = sourcecode.swift; path = BodySkeleton.swift; sourceTree = "<group>"; };
		835C286E28B0B3D7002662F8 /* APIConstruct.swift */ = {isa = PBXFileReference; lastKnownFileType = sourcecode.swift; path = APIConstruct.swift; sourceTree = "<group>"; };
		83D7970628B07E1A00D1ED66 /* ARViewContainer.swift */ = {isa = PBXFileReference; lastKnownFileType = sourcecode.swift; path = ARViewContainer.swift; sourceTree = "<group>"; };
		83D7970828B07FB900D1ED66 /* SkeletonJoint.swift */ = {isa = PBXFileReference; lastKnownFileType = sourcecode.swift; path = SkeletonJoint.swift; sourceTree = "<group>"; };
		83D7970A28B0802E00D1ED66 /* SkeletonBone.swift */ = {isa = PBXFileReference; lastKnownFileType = sourcecode.swift; path = SkeletonBone.swift; sourceTree = "<group>"; };
		83D7970E28B0811300D1ED66 /* Bones.swift */ = {isa = PBXFileReference; lastKnownFileType = sourcecode.swift; path = Bones.swift; sourceTree = "<group>"; };
/* End PBXFileReference section */

/* Begin PBXFrameworksBuildPhase section */
		5988B2D028B077A500B0DA4E /* Frameworks */ = {
			isa = PBXFrameworksBuildPhase;
			buildActionMask = 2147483647;
			files = (
			);
			runOnlyForDeploymentPostprocessing = 0;
		};
/* End PBXFrameworksBuildPhase section */

/* Begin PBXGroup section */
		5988B2CA28B077A500B0DA4E = {
			isa = PBXGroup;
			children = (
				835C286E28B0B3D7002662F8 /* APIConstruct.swift */,
				5988B2D528B077A500B0DA4E /* FitForm */,
				5988B2D428B077A500B0DA4E /* Products */,
			);
			sourceTree = "<group>";
		};
		5988B2D428B077A500B0DA4E /* Products */ = {
			isa = PBXGroup;
			children = (
				5988B2D328B077A500B0DA4E /* FitForm.app */,
			);
			name = Products;
			sourceTree = "<group>";
		};
		5988B2D528B077A500B0DA4E /* FitForm */ = {
			isa = PBXGroup;
			children = (
				5988B2D628B077A500B0DA4E /* FitFormApp.swift */,
				5988B2E628B0808900B0DA4E /* HomeView.swift */,
				5988B2D828B077A500B0DA4E /* ContentView.swift */,
				83D7970828B07FB900D1ED66 /* SkeletonJoint.swift */,
				83D7970E28B0811300D1ED66 /* Bones.swift */,
				835C286A28B09460002662F8 /* BodySkeleton.swift */,
				83D7970A28B0802E00D1ED66 /* SkeletonBone.swift */,
				83D7970628B07E1A00D1ED66 /* ARViewContainer.swift */,
				5988B2DA28B077A600B0DA4E /* Assets.xcassets */,
				5988B2DC28B077A600B0DA4E /* Preview Content */,
				5988B2E828B0904E00B0DA4E /* SelectWorkoutView.swift */,
				5988B2EA28B091BA00B0DA4E /* LoginView.swift */,
				5988B2EE28B0B24A00B0DA4E /* RegisterView.swift */,
				5988B2F328B195BA00B0DA4E /* WorkoutView.swift */,
				5988B2F728B19E0500B0DA4E /* WorkoutController.swift */,
			);
			path = FitForm;
			sourceTree = "<group>";
		};
		5988B2DC28B077A600B0DA4E /* Preview Content */ = {
			isa = PBXGroup;
			children = (
				5988B2DD28B077A600B0DA4E /* Preview Assets.xcassets */,
			);
			path = "Preview Content";
			sourceTree = "<group>";
		};
/* End PBXGroup section */

/* Begin PBXNativeTarget section */
		5988B2D228B077A500B0DA4E /* FitForm */ = {
			isa = PBXNativeTarget;
			buildConfigurationList = 5988B2E128B077A600B0DA4E /* Build configuration list for PBXNativeTarget "FitForm" */;
			buildPhases = (
				5988B2CF28B077A500B0DA4E /* Sources */,
				5988B2D028B077A500B0DA4E /* Frameworks */,
				5988B2D128B077A500B0DA4E /* Resources */,
			);
			buildRules = (
			);
			dependencies = (
			);
			name = FitForm;
			productName = FitForm;
			productReference = 5988B2D328B077A500B0DA4E /* FitForm.app */;
			productType = "com.apple.product-type.application";
		};
/* End PBXNativeTarget section */

/* Begin PBXProject section */
		5988B2CB28B077A500B0DA4E /* Project object */ = {
			isa = PBXProject;
			attributes = {
				BuildIndependentTargetsInParallel = 1;
				LastSwiftUpdateCheck = 1340;
				LastUpgradeCheck = 1340;
				TargetAttributes = {
					5988B2D228B077A500B0DA4E = {
						CreatedOnToolsVersion = 13.4.1;
					};
				};
			};
			buildConfigurationList = 5988B2CE28B077A500B0DA4E /* Build configuration list for PBXProject "FitForm" */;
			compatibilityVersion = "Xcode 13.0";
			developmentRegion = en;
			hasScannedForEncodings = 0;
			knownRegions = (
				en,
				Base,
			);
			mainGroup = 5988B2CA28B077A500B0DA4E;
			productRefGroup = 5988B2D428B077A500B0DA4E /* Products */;
			projectDirPath = "";
			projectRoot = "";
			targets = (
				5988B2D228B077A500B0DA4E /* FitForm */,
			);
		};
/* End PBXProject section */

/* Begin PBXResourcesBuildPhase section */
		5988B2D128B077A500B0DA4E /* Resources */ = {
			isa = PBXResourcesBuildPhase;
			buildActionMask = 2147483647;
			files = (
				5988B2DE28B077A600B0DA4E /* Preview Assets.xcassets in Resources */,
				5988B2DB28B077A600B0DA4E /* Assets.xcassets in Resources */,
			);
			runOnlyForDeploymentPostprocessing = 0;
		};
/* End PBXResourcesBuildPhase section */

/* Begin PBXSourcesBuildPhase section */
		5988B2CF28B077A500B0DA4E /* Sources */ = {
			isa = PBXSourcesBuildPhase;
			buildActionMask = 2147483647;
			files = (
				5988B2F428B195BA00B0DA4E /* WorkoutView.swift in Sources */,
				835C286F28B0B3D7002662F8 /* APIConstruct.swift in Sources */,
				5988B2E928B0904E00B0DA4E /* SelectWorkoutView.swift in Sources */,
				5988B2E728B0808900B0DA4E /* HomeView.swift in Sources */,
				5988B2F828B19E0500B0DA4E /* WorkoutController.swift in Sources */,
				5988B2EF28B0B24A00B0DA4E /* RegisterView.swift in Sources */,
				5988B2D928B077A500B0DA4E /* ContentView.swift in Sources */,
				5988B2EB28B091BA00B0DA4E /* LoginView.swift in Sources */,
				835C286B28B09460002662F8 /* BodySkeleton.swift in Sources */,
				5988B2D928B077A500B0DA4E /* ContentView.swift in Sources */,
				83D7970F28B0811300D1ED66 /* Bones.swift in Sources */,
				83D7970B28B0802E00D1ED66 /* SkeletonBone.swift in Sources */,
				5988B2D728B077A500B0DA4E /* FitFormApp.swift in Sources */,
				83D7970728B07E1A00D1ED66 /* ARViewContainer.swift in Sources */,
				83D7970928B07FB900D1ED66 /* SkeletonJoint.swift in Sources */,
			);
			runOnlyForDeploymentPostprocessing = 0;
		};
/* End PBXSourcesBuildPhase section */

/* Begin XCBuildConfiguration section */
		5988B2DF28B077A600B0DA4E /* Debug */ = {
			isa = XCBuildConfiguration;
			buildSettings = {
				ALWAYS_SEARCH_USER_PATHS = NO;
				CLANG_ANALYZER_NONNULL = YES;
				CLANG_ANALYZER_NUMBER_OBJECT_CONVERSION = YES_AGGRESSIVE;
				CLANG_CXX_LANGUAGE_STANDARD = "gnu++17";
				CLANG_ENABLE_MODULES = YES;
				CLANG_ENABLE_OBJC_ARC = YES;
				CLANG_ENABLE_OBJC_WEAK = YES;
				CLANG_WARN_BLOCK_CAPTURE_AUTORELEASING = YES;
				CLANG_WARN_BOOL_CONVERSION = YES;
				CLANG_WARN_COMMA = YES;
				CLANG_WARN_CONSTANT_CONVERSION = YES;
				CLANG_WARN_DEPRECATED_OBJC_IMPLEMENTATIONS = YES;
				CLANG_WARN_DIRECT_OBJC_ISA_USAGE = YES_ERROR;
				CLANG_WARN_DOCUMENTATION_COMMENTS = YES;
				CLANG_WARN_EMPTY_BODY = YES;
				CLANG_WARN_ENUM_CONVERSION = YES;
				CLANG_WARN_INFINITE_RECURSION = YES;
				CLANG_WARN_INT_CONVERSION = YES;
				CLANG_WARN_NON_LITERAL_NULL_CONVERSION = YES;
				CLANG_WARN_OBJC_IMPLICIT_RETAIN_SELF = YES;
				CLANG_WARN_OBJC_LITERAL_CONVERSION = YES;
				CLANG_WARN_OBJC_ROOT_CLASS = YES_ERROR;
				CLANG_WARN_QUOTED_INCLUDE_IN_FRAMEWORK_HEADER = YES;
				CLANG_WARN_RANGE_LOOP_ANALYSIS = YES;
				CLANG_WARN_STRICT_PROTOTYPES = YES;
				CLANG_WARN_SUSPICIOUS_MOVE = YES;
				CLANG_WARN_UNGUARDED_AVAILABILITY = YES_AGGRESSIVE;
				CLANG_WARN_UNREACHABLE_CODE = YES;
				CLANG_WARN__DUPLICATE_METHOD_MATCH = YES;
				COPY_PHASE_STRIP = NO;
				DEBUG_INFORMATION_FORMAT = dwarf;
				ENABLE_STRICT_OBJC_MSGSEND = YES;
				ENABLE_TESTABILITY = YES;
				GCC_C_LANGUAGE_STANDARD = gnu11;
				GCC_DYNAMIC_NO_PIC = NO;
				GCC_NO_COMMON_BLOCKS = YES;
				GCC_OPTIMIZATION_LEVEL = 0;
				GCC_PREPROCESSOR_DEFINITIONS = (
					"DEBUG=1",
					"$(inherited)",
				);
				GCC_WARN_64_TO_32_BIT_CONVERSION = YES;
				GCC_WARN_ABOUT_RETURN_TYPE = YES_ERROR;
				GCC_WARN_UNDECLARED_SELECTOR = YES;
				GCC_WARN_UNINITIALIZED_AUTOS = YES_AGGRESSIVE;
				GCC_WARN_UNUSED_FUNCTION = YES;
				GCC_WARN_UNUSED_VARIABLE = YES;
				IPHONEOS_DEPLOYMENT_TARGET = 15.5;
				MTL_ENABLE_DEBUG_INFO = INCLUDE_SOURCE;
				MTL_FAST_MATH = YES;
				ONLY_ACTIVE_ARCH = YES;
				SDKROOT = iphoneos;
				SWIFT_ACTIVE_COMPILATION_CONDITIONS = DEBUG;
				SWIFT_OPTIMIZATION_LEVEL = "-Onone";
			};
			name = Debug;
		};
		5988B2E028B077A600B0DA4E /* Release */ = {
			isa = XCBuildConfiguration;
			buildSettings = {
				ALWAYS_SEARCH_USER_PATHS = NO;
				CLANG_ANALYZER_NONNULL = YES;
				CLANG_ANALYZER_NUMBER_OBJECT_CONVERSION = YES_AGGRESSIVE;
				CLANG_CXX_LANGUAGE_STANDARD = "gnu++17";
				CLANG_ENABLE_MODULES = YES;
				CLANG_ENABLE_OBJC_ARC = YES;
				CLANG_ENABLE_OBJC_WEAK = YES;
				CLANG_WARN_BLOCK_CAPTURE_AUTORELEASING = YES;
				CLANG_WARN_BOOL_CONVERSION = YES;
				CLANG_WARN_COMMA = YES;
				CLANG_WARN_CONSTANT_CONVERSION = YES;
				CLANG_WARN_DEPRECATED_OBJC_IMPLEMENTATIONS = YES;
				CLANG_WARN_DIRECT_OBJC_ISA_USAGE = YES_ERROR;
				CLANG_WARN_DOCUMENTATION_COMMENTS = YES;
				CLANG_WARN_EMPTY_BODY = YES;
				CLANG_WARN_ENUM_CONVERSION = YES;
				CLANG_WARN_INFINITE_RECURSION = YES;
				CLANG_WARN_INT_CONVERSION = YES;
				CLANG_WARN_NON_LITERAL_NULL_CONVERSION = YES;
				CLANG_WARN_OBJC_IMPLICIT_RETAIN_SELF = YES;
				CLANG_WARN_OBJC_LITERAL_CONVERSION = YES;
				CLANG_WARN_OBJC_ROOT_CLASS = YES_ERROR;
				CLANG_WARN_QUOTED_INCLUDE_IN_FRAMEWORK_HEADER = YES;
				CLANG_WARN_RANGE_LOOP_ANALYSIS = YES;
				CLANG_WARN_STRICT_PROTOTYPES = YES;
				CLANG_WARN_SUSPICIOUS_MOVE = YES;
				CLANG_WARN_UNGUARDED_AVAILABILITY = YES_AGGRESSIVE;
				CLANG_WARN_UNREACHABLE_CODE = YES;
				CLANG_WARN__DUPLICATE_METHOD_MATCH = YES;
				COPY_PHASE_STRIP = NO;
				DEBUG_INFORMATION_FORMAT = "dwarf-with-dsym";
				ENABLE_NS_ASSERTIONS = NO;
				ENABLE_STRICT_OBJC_MSGSEND = YES;
				GCC_C_LANGUAGE_STANDARD = gnu11;
				GCC_NO_COMMON_BLOCKS = YES;
				GCC_WARN_64_TO_32_BIT_CONVERSION = YES;
				GCC_WARN_ABOUT_RETURN_TYPE = YES_ERROR;
				GCC_WARN_UNDECLARED_SELECTOR = YES;
				GCC_WARN_UNINITIALIZED_AUTOS = YES_AGGRESSIVE;
				GCC_WARN_UNUSED_FUNCTION = YES;
				GCC_WARN_UNUSED_VARIABLE = YES;
				IPHONEOS_DEPLOYMENT_TARGET = 15.5;
				MTL_ENABLE_DEBUG_INFO = NO;
				MTL_FAST_MATH = YES;
				SDKROOT = iphoneos;
				SWIFT_COMPILATION_MODE = wholemodule;
				SWIFT_OPTIMIZATION_LEVEL = "-O";
				VALIDATE_PRODUCT = YES;
			};
			name = Release;
		};
		5988B2E228B077A600B0DA4E /* Debug */ = {
			isa = XCBuildConfiguration;
			buildSettings = {
				ASSETCATALOG_COMPILER_APPICON_NAME = AppIcon;
				ASSETCATALOG_COMPILER_GLOBAL_ACCENT_COLOR_NAME = AccentColor;
				CODE_SIGN_STYLE = Automatic;
				CURRENT_PROJECT_VERSION = 1;
				DEVELOPMENT_ASSET_PATHS = "\"FitForm/Preview Content\"";
				DEVELOPMENT_TEAM = BGPY27Z453;
				ENABLE_PREVIEWS = YES;
				GENERATE_INFOPLIST_FILE = YES;
				INFOPLIST_KEY_NSCameraUsageDescription = "FitForm needs access to the camera to enable body tracking features.";
				INFOPLIST_KEY_UIApplicationSceneManifest_Generation = YES;
				INFOPLIST_KEY_UIApplicationSupportsIndirectInputEvents = YES;
				INFOPLIST_KEY_UILaunchScreen_Generation = YES;
				INFOPLIST_KEY_UISupportedInterfaceOrientations_iPad = "UIInterfaceOrientationPortrait UIInterfaceOrientationPortraitUpsideDown UIInterfaceOrientationLandscapeLeft UIInterfaceOrientationLandscapeRight";
				INFOPLIST_KEY_UISupportedInterfaceOrientations_iPhone = "UIInterfaceOrientationPortrait UIInterfaceOrientationLandscapeLeft UIInterfaceOrientationLandscapeRight";
				LD_RUNPATH_SEARCH_PATHS = (
					"$(inherited)",
					"@executable_path/Frameworks",
				);
				MARKETING_VERSION = 1.0;
				PRODUCT_BUNDLE_IDENTIFIER = com.peddiehacks.hack.FitForm;
				PRODUCT_NAME = "$(TARGET_NAME)";
				SWIFT_EMIT_LOC_STRINGS = YES;
				SWIFT_VERSION = 5.0;
				TARGETED_DEVICE_FAMILY = "1,2";
			};
			name = Debug;
		};
		5988B2E328B077A600B0DA4E /* Release */ = {
			isa = XCBuildConfiguration;
			buildSettings = {
				ASSETCATALOG_COMPILER_APPICON_NAME = AppIcon;
				ASSETCATALOG_COMPILER_GLOBAL_ACCENT_COLOR_NAME = AccentColor;
				CODE_SIGN_STYLE = Automatic;
				CURRENT_PROJECT_VERSION = 1;
				DEVELOPMENT_ASSET_PATHS = "\"FitForm/Preview Content\"";
				DEVELOPMENT_TEAM = BGPY27Z453;
				ENABLE_PREVIEWS = YES;
				GENERATE_INFOPLIST_FILE = YES;
				INFOPLIST_KEY_NSCameraUsageDescription = "FitForm needs access to the camera to enable body tracking features.";
				INFOPLIST_KEY_UIApplicationSceneManifest_Generation = YES;
				INFOPLIST_KEY_UIApplicationSupportsIndirectInputEvents = YES;
				INFOPLIST_KEY_UILaunchScreen_Generation = YES;
				INFOPLIST_KEY_UISupportedInterfaceOrientations_iPad = "UIInterfaceOrientationPortrait UIInterfaceOrientationPortraitUpsideDown UIInterfaceOrientationLandscapeLeft UIInterfaceOrientationLandscapeRight";
				INFOPLIST_KEY_UISupportedInterfaceOrientations_iPhone = "UIInterfaceOrientationPortrait UIInterfaceOrientationLandscapeLeft UIInterfaceOrientationLandscapeRight";
				LD_RUNPATH_SEARCH_PATHS = (
					"$(inherited)",
					"@executable_path/Frameworks",
				);
				MARKETING_VERSION = 1.0;
				PRODUCT_BUNDLE_IDENTIFIER = com.peddiehacks.hack.FitForm;
				PRODUCT_NAME = "$(TARGET_NAME)";
				SWIFT_EMIT_LOC_STRINGS = YES;
				SWIFT_VERSION = 5.0;
				TARGETED_DEVICE_FAMILY = "1,2";
			};
			name = Release;
		};
/* End XCBuildConfiguration section */

/* Begin XCConfigurationList section */
		5988B2CE28B077A500B0DA4E /* Build configuration list for PBXProject "FitForm" */ = {
			isa = XCConfigurationList;
			buildConfigurations = (
				5988B2DF28B077A600B0DA4E /* Debug */,
				5988B2E028B077A600B0DA4E /* Release */,
			);
			defaultConfigurationIsVisible = 0;
			defaultConfigurationName = Release;
		};
		5988B2E128B077A600B0DA4E /* Build configuration list for PBXNativeTarget "FitForm" */ = {
			isa = XCConfigurationList;
			buildConfigurations = (
				5988B2E228B077A600B0DA4E /* Debug */,
				5988B2E328B077A600B0DA4E /* Release */,
			);
			defaultConfigurationIsVisible = 0;
			defaultConfigurationName = Release;
		};
/* End XCConfigurationList section */
	};
	rootObject = 5988B2CB28B077A500B0DA4E /* Project object */;
}
